
Microsoft Visual Studio Solution File, Format Version 12.00
# Visual Studio Version 16
VisualStudioVersion = 16.0.30309.148
MinimumVisualStudioVersion = 10.0.40219.1
Project("{FAE04EC0-301F-11D3-BF4B-00C04F79EFBC}") = "eCommerceSite", "eCommerceSite\eCommerceSite.csproj", "{DA30D334-7253-4656-B91D-F5E97C7D6051}"
EndProject
Global
	GlobalSection(SolutionConfigurationPlatforms) = preSolution
		Debug|Any CPU = Debug|Any CPU
		Release|Any CPU = Release|Any CPU
	EndGlobalSection
	GlobalSection(ProjectConfigurationPlatforms) = postSolution
		{DA30D334-7253-4656-B91D-F5E97C7D6051}.Debug|Any CPU.ActiveCfg = Debug|Any CPU
		{DA30D334-7253-4656-B91D-F5E97C7D6051}.Debug|Any CPU.Build.0 = Debug|Any CPU
		{DA30D334-7253-4656-B91D-F5E97C7D6051}.Release|Any CPU.ActiveCfg = Release|Any CPU
		{DA30D334-7253-4656-B91D-F5E97C7D6051}.Release|Any CPU.Build.0 = Release|Any CPU
	EndGlobalSection
	GlobalSection(SolutionProperties) = preSolution
		HideSolutionNode = FALSE
	EndGlobalSection
	GlobalSection(ExtensibilityGlobals) = postSolution
		SolutionGuid = {1510462B-DDE0-4331-BD61-8AAEF68B9AAB}
	EndGlobalSection
EndGlobal
